
Microsoft Visual Studio Solution File, Format Version 12.00
# Visual Studio Version 16
VisualStudioVersion = 16.0.29911.84
MinimumVisualStudioVersion = 10.0.40219.1
Project("{9A19103F-16F7-4668-BE54-9A1E7A4F7556}") = "CSharpCourse", "CSharpCourse\CSharpCourse.csproj", "{F303E77B-881C-40AC-9BA8-4B431A86AB5A}"
EndProject
Project("{FAE04EC0-301F-11D3-BF4B-00C04F79EFBC}") = "Utils", "Utils\Utils.csproj", "{9F8F0FEC-DF0A-4A40-8A6E-E6F52C83C3D2}"
EndProject
Project("{FAE04EC0-301F-11D3-BF4B-00C04F79EFBC}") = "HomeworkTsveti", "HomeworkTsveti\HomeworkTsveti.csproj", "{44D50315-ADBB-44F1-B9A3-F6D5198EA20E}"
EndProject
Project("{FAE04EC0-301F-11D3-BF4B-00C04F79EFBC}") = "Employee", "Employee\Employee.csproj", "{87CB9ED7-B809-4DFE-A585-3573AE128563}"
EndProject
Project("{FAE04EC0-301F-11D3-BF4B-00C04F79EFBC}") = "ModernSchool", "ModernSchool\ModernSchool.csproj", "{FA7ECA2C-5D4C-42DF-8E61-F7168D5FDFD7}"
EndProject
Project("{FAE04EC0-301F-11D3-BF4B-00C04F79EFBC}") = "Casino", "Casino\Casino.csproj", "{A78A1802-19B6-45ED-B327-C2C2D031F064}"
EndProject
Project("{FAE04EC0-301F-11D3-BF4B-00C04F79EFBC}") = "BankAccount", "BankAccount\BankAccount.csproj", "{733225DD-D327-4711-B30E-33F71384BFEC}"
EndProject
Project("{FAE04EC0-301F-11D3-BF4B-00C04F79EFBC}") = "Animals", "Animals\Animals.csproj", "{1EB7CE4F-A9AE-419B-9E85-CEF9C806D9CA}"
EndProject
Project("{FAE04EC0-301F-11D3-BF4B-00C04F79EFBC}") = "Factory", "Factory\Factory.csproj", "{C8C39FDC-976A-4617-9B5F-4643E72A138C}"
EndProject
Project("{FAE04EC0-301F-11D3-BF4B-00C04F79EFBC}") = "IntroduceYourself", "IntroduceYourself\IntroduceYourself.csproj", "{3CC292BE-89AF-4D09-8104-94020C65AEC6}"
EndProject
Project("{FAE04EC0-301F-11D3-BF4B-00C04F79EFBC}") = "Kindergarden", "Kindergarden\Kindergarden.csproj", "{0031315A-A2E1-454B-ACFB-640393B1AFF6}"
EndProject
Project("{FAE04EC0-301F-11D3-BF4B-00C04F79EFBC}") = "OnlineStore", "OnlineStore\OnlineStore.csproj", "{70D41277-0289-4EAA-99CB-1206A0FD592E}"
EndProject
Project("{FAE04EC0-301F-11D3-BF4B-00C04F79EFBC}") = "Phones", "Phones\Phones.csproj", "{0C6D4A90-B1F4-4253-BE87-5AC452A6B8B4}"
EndProject
Global
	GlobalSection(SolutionConfigurationPlatforms) = preSolution
		Debug|Any CPU = Debug|Any CPU
		Release|Any CPU = Release|Any CPU
	EndGlobalSection
	GlobalSection(ProjectConfigurationPlatforms) = postSolution
		{F303E77B-881C-40AC-9BA8-4B431A86AB5A}.Debug|Any CPU.ActiveCfg = Debug|Any CPU
		{F303E77B-881C-40AC-9BA8-4B431A86AB5A}.Debug|Any CPU.Build.0 = Debug|Any CPU
		{F303E77B-881C-40AC-9BA8-4B431A86AB5A}.Release|Any CPU.ActiveCfg = Release|Any CPU
		{F303E77B-881C-40AC-9BA8-4B431A86AB5A}.Release|Any CPU.Build.0 = Release|Any CPU
		{9F8F0FEC-DF0A-4A40-8A6E-E6F52C83C3D2}.Debug|Any CPU.ActiveCfg = Debug|Any CPU
		{9F8F0FEC-DF0A-4A40-8A6E-E6F52C83C3D2}.Debug|Any CPU.Build.0 = Debug|Any CPU
		{9F8F0FEC-DF0A-4A40-8A6E-E6F52C83C3D2}.Release|Any CPU.ActiveCfg = Release|Any CPU
		{9F8F0FEC-DF0A-4A40-8A6E-E6F52C83C3D2}.Release|Any CPU.Build.0 = Release|Any CPU
		{44D50315-ADBB-44F1-B9A3-F6D5198EA20E}.Debug|Any CPU.ActiveCfg = Debug|Any CPU
		{44D50315-ADBB-44F1-B9A3-F6D5198EA20E}.Debug|Any CPU.Build.0 = Debug|Any CPU
		{44D50315-ADBB-44F1-B9A3-F6D5198EA20E}.Release|Any CPU.ActiveCfg = Release|Any CPU
		{44D50315-ADBB-44F1-B9A3-F6D5198EA20E}.Release|Any CPU.Build.0 = Release|Any CPU
		{87CB9ED7-B809-4DFE-A585-3573AE128563}.Debug|Any CPU.ActiveCfg = Debug|Any CPU
		{87CB9ED7-B809-4DFE-A585-3573AE128563}.Debug|Any CPU.Build.0 = Debug|Any CPU
		{87CB9ED7-B809-4DFE-A585-3573AE128563}.Release|Any CPU.ActiveCfg = Release|Any CPU
		{87CB9ED7-B809-4DFE-A585-3573AE128563}.Release|Any CPU.Build.0 = Release|Any CPU
		{FA7ECA2C-5D4C-42DF-8E61-F7168D5FDFD7}.Debug|Any CPU.ActiveCfg = Debug|Any CPU
		{FA7ECA2C-5D4C-42DF-8E61-F7168D5FDFD7}.Debug|Any CPU.Build.0 = Debug|Any CPU
		{FA7ECA2C-5D4C-42DF-8E61-F7168D5FDFD7}.Release|Any CPU.ActiveCfg = Release|Any CPU
		{FA7ECA2C-5D4C-42DF-8E61-F7168D5FDFD7}.Release|Any CPU.Build.0 = Release|Any CPU
		{A78A1802-19B6-45ED-B327-C2C2D031F064}.Debug|Any CPU.ActiveCfg = Debug|Any CPU
		{A78A1802-19B6-45ED-B327-C2C2D031F064}.Debug|Any CPU.Build.0 = Debug|Any CPU
		{A78A1802-19B6-45ED-B327-C2C2D031F064}.Release|Any CPU.ActiveCfg = Release|Any CPU
		{A78A1802-19B6-45ED-B327-C2C2D031F064}.Release|Any CPU.Build.0 = Release|Any CPU
		{733225DD-D327-4711-B30E-33F71384BFEC}.Debug|Any CPU.ActiveCfg = Debug|Any CPU
		{733225DD-D327-4711-B30E-33F71384BFEC}.Debug|Any CPU.Build.0 = Debug|Any CPU
		{733225DD-D327-4711-B30E-33F71384BFEC}.Release|Any CPU.ActiveCfg = Release|Any CPU
		{733225DD-D327-4711-B30E-33F71384BFEC}.Release|Any CPU.Build.0 = Release|Any CPU
		{1EB7CE4F-A9AE-419B-9E85-CEF9C806D9CA}.Debug|Any CPU.ActiveCfg = Debug|Any CPU
		{1EB7CE4F-A9AE-419B-9E85-CEF9C806D9CA}.Debug|Any CPU.Build.0 = Debug|Any CPU
		{1EB7CE4F-A9AE-419B-9E85-CEF9C806D9CA}.Release|Any CPU.ActiveCfg = Release|Any CPU
		{1EB7CE4F-A9AE-419B-9E85-CEF9C806D9CA}.Release|Any CPU.Build.0 = Release|Any CPU
		{C8C39FDC-976A-4617-9B5F-4643E72A138C}.Debug|Any CPU.ActiveCfg = Debug|Any CPU
		{C8C39FDC-976A-4617-9B5F-4643E72A138C}.Debug|Any CPU.Build.0 = Debug|Any CPU
		{C8C39FDC-976A-4617-9B5F-4643E72A138C}.Release|Any CPU.ActiveCfg = Release|Any CPU
		{C8C39FDC-976A-4617-9B5F-4643E72A138C}.Release|Any CPU.Build.0 = Release|Any CPU
		{3CC292BE-89AF-4D09-8104-94020C65AEC6}.Debug|Any CPU.ActiveCfg = Debug|Any CPU
		{3CC292BE-89AF-4D09-8104-94020C65AEC6}.Debug|Any CPU.Build.0 = Debug|Any CPU
		{3CC292BE-89AF-4D09-8104-94020C65AEC6}.Release|Any CPU.ActiveCfg = Release|Any CPU
		{3CC292BE-89AF-4D09-8104-94020C65AEC6}.Release|Any CPU.Build.0 = Release|Any CPU
		{0031315A-A2E1-454B-ACFB-640393B1AFF6}.Debug|Any CPU.ActiveCfg = Debug|Any CPU
		{0031315A-A2E1-454B-ACFB-640393B1AFF6}.Debug|Any CPU.Build.0 = Debug|Any CPU
		{0031315A-A2E1-454B-ACFB-640393B1AFF6}.Release|Any CPU.ActiveCfg = Release|Any CPU
		{0031315A-A2E1-454B-ACFB-640393B1AFF6}.Release|Any CPU.Build.0 = Release|Any CPU
		{70D41277-0289-4EAA-99CB-1206A0FD592E}.Debug|Any CPU.ActiveCfg = Debug|Any CPU
		{70D41277-0289-4EAA-99CB-1206A0FD592E}.Debug|Any CPU.Build.0 = Debug|Any CPU
		{70D41277-0289-4EAA-99CB-1206A0FD592E}.Release|Any CPU.ActiveCfg = Release|Any CPU
		{70D41277-0289-4EAA-99CB-1206A0FD592E}.Release|Any CPU.Build.0 = Release|Any CPU
		{0C6D4A90-B1F4-4253-BE87-5AC452A6B8B4}.Debug|Any CPU.ActiveCfg = Debug|Any CPU
		{0C6D4A90-B1F4-4253-BE87-5AC452A6B8B4}.Debug|Any CPU.Build.0 = Debug|Any CPU
		{0C6D4A90-B1F4-4253-BE87-5AC452A6B8B4}.Release|Any CPU.ActiveCfg = Release|Any CPU
		{0C6D4A90-B1F4-4253-BE87-5AC452A6B8B4}.Release|Any CPU.Build.0 = Release|Any CPU
	EndGlobalSection
	GlobalSection(SolutionProperties) = preSolution
		HideSolutionNode = FALSE
	EndGlobalSection
	GlobalSection(ExtensibilityGlobals) = postSolution
		SolutionGuid = {C04A32E5-0512-4556-B15C-A5F3847A7834}
	EndGlobalSection
EndGlobal
